schema: '2.0'
stages:
  prepare:
    cmd: python src/prepare.py
    deps:
    - path: src/prepare.py
      hash: md5
      md5: fecb7010ad9ac2a58cc79ea5460126a7
      size: 579
    outs:
    - path: data/raw
      hash: md5
      md5: 23b0000338669d2c61217dbd94633aa0.dir
      size: 54950512
      nfiles: 4
  preprocess:
    cmd: python src/preprocess.py
    deps:
    - path: data/raw
      hash: md5
      md5: 23b0000338669d2c61217dbd94633aa0.dir
      size: 54950512
      nfiles: 4
    - path: src/preprocess.py
      hash: md5
      md5: a2d6072b8276957cdb38fb53285e8792
      size: 1316
    params:
      params.yaml:
        preprocess.seed: 42
        preprocess.test_size: 0.1
    outs:
    - path: data/processed
      hash: md5
      md5: 8f310baac37b1d55d30bfd6bbd656e5f.dir
      size: 219590768
      nfiles: 6
  train:
    cmd: python src/train.py
    deps:
    - path: data/processed
      hash: md5
      md5: e6ef531894937986bc38434d22691abb.dir
      size: 219590768
      nfiles: 6
    - path: src/train.py
      hash: md5
      md5: 6c32791e5817975d1c5096d0a4376122
      size: 1555
    params:
      params.yaml:
        train.batch_size: 64
        train.dense_units: 256
        train.dropout_rate: 0.3
        train.epochs: 10
        train.learning_rate: 0.001
        train.seed: 42
    outs:
    - path: models/history.csv
      hash: md5
      md5: b64fff8165320b7a2cf18de0d647c39a
      size: 836
    - path: models/model.h5
      hash: md5
      md5: 382aeb91286cbffebd32c2a1683a7881
      size: 2466904
  evaluate:
    cmd: python src/evaluate.py
    deps:
    - path: data/processed
      hash: md5
      md5: e6ef531894937986bc38434d22691abb.dir
      size: 219590768
      nfiles: 6
    - path: models/model.h5
      hash: md5
      md5: 382aeb91286cbffebd32c2a1683a7881
      size: 2466904
    - path: src/evaluate.py
      hash: md5
      md5: 0f0907e40c66a16609d43604fdebf2cc
      size: 1111
    outs:
    - path: metrics.json
      hash: md5
      md5: 9758b368e405405ac6be7d4f066ba1a5
      size: 80
    - path: models/confusion_matrix.png
      hash: md5
      md5: 844b6b5e068fda404b9e16a5b354a912
      size: 59852
