schema: '2.0'
stages:
  prepare:
    cmd: python src/prepare.py
    deps:
    - path: src/prepare.py
      hash: md5
      md5: fecb7010ad9ac2a58cc79ea5460126a7
      size: 579
    outs:
    - path: data/raw
      hash: md5
      md5: 23b0000338669d2c61217dbd94633aa0.dir
      size: 54950512
      nfiles: 4
  preprocess:
    cmd: python src/preprocess.py
    deps:
    - path: data/raw
      hash: md5
      md5: 23b0000338669d2c61217dbd94633aa0.dir
      size: 54950512
      nfiles: 4
    - path: src/preprocess.py
      hash: md5
      md5: d8b41029eaafb3fca0769f3c8bf74e7e
      size: 1451
    params:
      params.yaml:
        preprocess.seed: 42
        preprocess.test_size: 0.1
    outs:
    - path: data/processed
      hash: md5
      md5: 23e1cda30d0a6663bfb783bcb4bb8fcd.dir
      size: 219590768
      nfiles: 6
  train:
    cmd: python src/train.py
    deps:
    - path: data/processed
      hash: md5
      md5: 23e1cda30d0a6663bfb783bcb4bb8fcd.dir
      size: 219590768
      nfiles: 6
    - path: src/train.py
      hash: md5
      md5: 6c32791e5817975d1c5096d0a4376122
      size: 1555
    params:
      params.yaml:
        train.batch_size: 64
        train.dense_units: 256
        train.dropout_rate: 0.3
        train.epochs: 10
        train.learning_rate: 0.001
        train.seed: 42
    outs:
    - path: models/history.csv
      hash: md5
      md5: a422bcb6d622f1eafc9f3925644b7c5c
      size: 840
    - path: models/model.h5
      hash: md5
      md5: 9ea65cb154bf052ddbbcf1ba155e7b48
      size: 2466904
  evaluate:
    cmd: python src/evaluate.py
    deps:
    - path: data/processed
      hash: md5
      md5: 23e1cda30d0a6663bfb783bcb4bb8fcd.dir
      size: 219590768
      nfiles: 6
    - path: models/model.h5
      hash: md5
      md5: 9ea65cb154bf052ddbbcf1ba155e7b48
      size: 2466904
    - path: src/evaluate.py
      hash: md5
      md5: 0f0907e40c66a16609d43604fdebf2cc
      size: 1111
    outs:
    - path: metrics.json
      hash: md5
      md5: ed6ba1fcaf58ceded28ab304f0554f65
      size: 79
    - path: models/confusion_matrix.png
      hash: md5
      md5: 3787db3351464ffaf65dd55dc9bc7d72
      size: 59762
